
Microsoft Visual Studio Solution File, Format Version 12.00
# Visual Studio Version 17
VisualStudioVersion = 17.0.31717.71
MinimumVisualStudioVersion = 10.0.40219.1
Project("{9A19103F-16F7-4668-BE54-9A1E7A4F7556}") = "SammBot", "Source\SammBot.Bot\SammBot.Bot.csproj", "{5C9C0C3D-EE4A-4699-BC0D-5B1256EFC97C}"
EndProject
Project("{2150E333-8FDC-42A3-9474-1A3956D46DE8}") = "Solution Items", "Solution Items", "{B1207163-EF40-4433-A4DF-CD359382C557}"
	ProjectSection(SolutionItems) = preProject
		.editorconfig = .editorconfig
	EndProjectSection
EndProject
Project("{FAE04EC0-301F-11D3-BF4B-00C04F79EFBC}") = "SammBot.WebGenerator", "Source\SammBot.WebGenerator\SammBot.WebGenerator.csproj", "{37AF9678-EE97-4295-8FBA-C69DA0BC9500}"
EndProject
Global
	GlobalSection(SolutionConfigurationPlatforms) = preSolution
		Debug|Any CPU = Debug|Any CPU
		Release|Any CPU = Release|Any CPU
	EndGlobalSection
	GlobalSection(ProjectConfigurationPlatforms) = postSolution
		{5C9C0C3D-EE4A-4699-BC0D-5B1256EFC97C}.Debug|Any CPU.ActiveCfg = Debug|Any CPU
		{5C9C0C3D-EE4A-4699-BC0D-5B1256EFC97C}.Debug|Any CPU.Build.0 = Debug|Any CPU
		{5C9C0C3D-EE4A-4699-BC0D-5B1256EFC97C}.Release|Any CPU.ActiveCfg = Release|Any CPU
		{5C9C0C3D-EE4A-4699-BC0D-5B1256EFC97C}.Release|Any CPU.Build.0 = Release|Any CPU
		{37AF9678-EE97-4295-8FBA-C69DA0BC9500}.Debug|Any CPU.ActiveCfg = Debug|Any CPU
		{37AF9678-EE97-4295-8FBA-C69DA0BC9500}.Debug|Any CPU.Build.0 = Debug|Any CPU
		{37AF9678-EE97-4295-8FBA-C69DA0BC9500}.Release|Any CPU.ActiveCfg = Release|Any CPU
		{37AF9678-EE97-4295-8FBA-C69DA0BC9500}.Release|Any CPU.Build.0 = Release|Any CPU
	EndGlobalSection
	GlobalSection(SolutionProperties) = preSolution
		HideSolutionNode = FALSE
	EndGlobalSection
	GlobalSection(ExtensibilityGlobals) = postSolution
		SolutionGuid = {E7E9A5E6-C31A-4E57-A06E-D5CC28E3A5A9}
	EndGlobalSection
EndGlobal
